
Microsoft Visual Studio Solution File, Format Version 12.00
# Visual Studio 2013
VisualStudioVersion = 12.0.31101.0
MinimumVisualStudioVersion = 10.0.40219.1
Project("{FAE04EC0-301F-11D3-BF4B-00C04F79EFBC}") = "MiniProject2D", "MiniProject2D\MiniProject2D\MiniProject2D.csproj", "{A5BF66C7-88EE-4433-8ABC-24988FCCC8FB}"
EndProject
Project("{96E2B04D-8817-42C6-938A-82C39BA4D311}") = "MiniProject2DContent", "MiniProject2D\MiniProject2DContent\MiniProject2DContent.contentproj", "{DF9FB58A-4C6B-4CB7-9BF9-8EBA2F32B550}"
EndProject
Global
	GlobalSection(SolutionConfigurationPlatforms) = preSolution
		Debug|x86 = Debug|x86
		Release|x86 = Release|x86
	EndGlobalSection
	GlobalSection(ProjectConfigurationPlatforms) = postSolution
		{A5BF66C7-88EE-4433-8ABC-24988FCCC8FB}.Debug|x86.ActiveCfg = Debug|x86
		{A5BF66C7-88EE-4433-8ABC-24988FCCC8FB}.Debug|x86.Build.0 = Debug|x86
		{A5BF66C7-88EE-4433-8ABC-24988FCCC8FB}.Release|x86.ActiveCfg = Release|x86
		{A5BF66C7-88EE-4433-8ABC-24988FCCC8FB}.Release|x86.Build.0 = Release|x86
		{DF9FB58A-4C6B-4CB7-9BF9-8EBA2F32B550}.Debug|x86.ActiveCfg = Debug|x86
		{DF9FB58A-4C6B-4CB7-9BF9-8EBA2F32B550}.Release|x86.ActiveCfg = Release|x86
	EndGlobalSection
	GlobalSection(SolutionProperties) = preSolution
		HideSolutionNode = FALSE
	EndGlobalSection
EndGlobal
